
Microsoft Visual Studio Solution File, Format Version 12.00
# Visual Studio Version 16
VisualStudioVersion = 16.0.31205.134
MinimumVisualStudioVersion = 10.0.40219.1
Project("{FAE04EC0-301F-11D3-BF4B-00C04F79EFBC}") = "WebApplication6", "WebApplication6.csproj", "{9A331F49-81A5-4351-B4DF-BA76FBEDAB76}"
EndProject
Global
	GlobalSection(SolutionConfigurationPlatforms) = preSolution
		Debug|Any CPU = Debug|Any CPU
		Release|Any CPU = Release|Any CPU
	EndGlobalSection
	GlobalSection(ProjectConfigurationPlatforms) = postSolution
		{9A331F49-81A5-4351-B4DF-BA76FBEDAB76}.Debug|Any CPU.ActiveCfg = Debug|Any CPU
		{9A331F49-81A5-4351-B4DF-BA76FBEDAB76}.Debug|Any CPU.Build.0 = Debug|Any CPU
		{9A331F49-81A5-4351-B4DF-BA76FBEDAB76}.Release|Any CPU.ActiveCfg = Release|Any CPU
		{9A331F49-81A5-4351-B4DF-BA76FBEDAB76}.Release|Any CPU.Build.0 = Release|Any CPU
	EndGlobalSection
	GlobalSection(SolutionProperties) = preSolution
		HideSolutionNode = FALSE
	EndGlobalSection
	GlobalSection(ExtensibilityGlobals) = postSolution
		SolutionGuid = {41628506-C2E0-4FA1-88FA-28A2CA835DE9}
	EndGlobalSection
EndGlobal
